id: red_pitaya_source
label: Web888 Source
category: Red Pitaya

parameters:
  - id: addr
    label: Address
    dtype: string
    default: 192.168.1.100
  - id: port
    label: Port
    dtype: int
    default: 1001
  - id: rate
    label: Sample Rate
    dtype: int
    default: 500000
  - id: freq
    label: Center Frequency
    dtype: real
    default: 10000000
  - id: corr
    label: Freq. Correction ppm
    dtype: real
    default: 0
  - id: attu
    label: Set RF gain （+10db -21db）
    dtype: int
    default: 0
  - id: pga
    label: ADC PGA Switch (3db)
    dtype: int
    default: 0

outputs:
  - domain: stream
    dtype: complex

templates:
  imports: import red_pitaya
  make: red_pitaya.source(${addr}, ${port}, ${rate}, ${freq}, ${corr} ,${attu},${pga})
  callbacks:
    - set_rate(${rate})
    - set_freq(${freq}, ${corr})
    - set_attu(${attu})
    - set_pga(${pga})

file_format: 1
